
Microsoft Visual Studio Solution File, Format Version 12.00
# Visual Studio Version 17
VisualStudioVersion = 17.2.32630.192
MinimumVisualStudioVersion = 10.0.40219.1
Project("{9A19103F-16F7-4668-BE54-9A1E7A4F7556}") = "PenaltyCalculator", "PenaltyCalculator\PenaltyCalculator.csproj", "{05070F53-2A6C-4F93-913C-315C0725C4C2}"
EndProject
Project("{FAE04EC0-301F-11D3-BF4B-00C04F79EFBC}") = "PenaltyUnitTestProj", "PenaltyUnitTestProj\PenaltyUnitTestProj.csproj", "{DBAE8CAA-EEE4-4816-A769-942003FFB838}"
EndProject
Global
	GlobalSection(SolutionConfigurationPlatforms) = preSolution
		Debug|Any CPU = Debug|Any CPU
		Release|Any CPU = Release|Any CPU
	EndGlobalSection
	GlobalSection(ProjectConfigurationPlatforms) = postSolution
		{05070F53-2A6C-4F93-913C-315C0725C4C2}.Debug|Any CPU.ActiveCfg = Debug|Any CPU
		{05070F53-2A6C-4F93-913C-315C0725C4C2}.Debug|Any CPU.Build.0 = Debug|Any CPU
		{05070F53-2A6C-4F93-913C-315C0725C4C2}.Release|Any CPU.ActiveCfg = Release|Any CPU
		{05070F53-2A6C-4F93-913C-315C0725C4C2}.Release|Any CPU.Build.0 = Release|Any CPU
		{DBAE8CAA-EEE4-4816-A769-942003FFB838}.Debug|Any CPU.ActiveCfg = Debug|Any CPU
		{DBAE8CAA-EEE4-4816-A769-942003FFB838}.Debug|Any CPU.Build.0 = Debug|Any CPU
		{DBAE8CAA-EEE4-4816-A769-942003FFB838}.Release|Any CPU.ActiveCfg = Release|Any CPU
		{DBAE8CAA-EEE4-4816-A769-942003FFB838}.Release|Any CPU.Build.0 = Release|Any CPU
	EndGlobalSection
	GlobalSection(SolutionProperties) = preSolution
		HideSolutionNode = FALSE
	EndGlobalSection
	GlobalSection(ExtensibilityGlobals) = postSolution
		SolutionGuid = {B499F4FC-258C-4CC1-8052-A7BADA910CCB}
	EndGlobalSection
EndGlobal
